
Microsoft Visual Studio Solution File, Format Version 12.00
# Visual Studio Version 16
VisualStudioVersion = 16.0.32106.194
MinimumVisualStudioVersion = 10.0.40219.1
Project("{FAE04EC0-301F-11D3-BF4B-00C04F79EFBC}") = "SurveyEducation", "SurveyEducation\SurveyEducation.csproj", "{D8578D01-45A8-482C-8940-046CE7D8F040}"
EndProject
Global
	GlobalSection(SolutionConfigurationPlatforms) = preSolution
		Debug|Any CPU = Debug|Any CPU
		Release|Any CPU = Release|Any CPU
	EndGlobalSection
	GlobalSection(ProjectConfigurationPlatforms) = postSolution
		{D8578D01-45A8-482C-8940-046CE7D8F040}.Debug|Any CPU.ActiveCfg = Debug|Any CPU
		{D8578D01-45A8-482C-8940-046CE7D8F040}.Debug|Any CPU.Build.0 = Debug|Any CPU
		{D8578D01-45A8-482C-8940-046CE7D8F040}.Release|Any CPU.ActiveCfg = Release|Any CPU
		{D8578D01-45A8-482C-8940-046CE7D8F040}.Release|Any CPU.Build.0 = Release|Any CPU
	EndGlobalSection
	GlobalSection(SolutionProperties) = preSolution
		HideSolutionNode = FALSE
	EndGlobalSection
	GlobalSection(ExtensibilityGlobals) = postSolution
		SolutionGuid = {2F2F36FB-6FE9-4384-9CE5-EC2F78F18C47}
	EndGlobalSection
EndGlobal
